// !$*UTF8*$!
{
	archiveVersion = 1;
	classes = {
	};
	objectVersion = 46;
	objects = {

/* Begin PBXBuildFile section */
		68038ED71C8FB36000F54C8E /* Friends.png in Resources */ = {isa = PBXBuildFile; fileRef = 68038ED61C8FB36000F54C8E /* Friends.png */; };
		68038ED91C8FB36500F54C8E /* Friends-1.png in Resources */ = {isa = PBXBuildFile; fileRef = 68038ED81C8FB36500F54C8E /* Friends-1.png */; };
		68038EDF1C8FB36A00F54C8E /* Profile-1.png in Resources */ = {isa = PBXBuildFile; fileRef = 68038EDB1C8FB36A00F54C8E /* Profile-1.png */; };
		68038EE01C8FB36A00F54C8E /* Profile.png in Resources */ = {isa = PBXBuildFile; fileRef = 68038EDC1C8FB36A00F54C8E /* Profile.png */; };
		68038EE11C8FB36A00F54C8E /* Voice.png in Resources */ = {isa = PBXBuildFile; fileRef = 68038EDD1C8FB36A00F54C8E /* Voice.png */; };
		68038EE51C8FB37200F54C8E /* Voice-1.png in Resources */ = {isa = PBXBuildFile; fileRef = 68038EE31C8FB37200F54C8E /* Voice-1.png */; };
		68038EE91C8FB85100F54C8E /* tabbar_background.png in Resources */ = {isa = PBXBuildFile; fileRef = 68038EE81C8FB85100F54C8E /* tabbar_background.png */; };
		68038EEB1C8FB90700F54C8E /* KK_Camera.png in Resources */ = {isa = PBXBuildFile; fileRef = 68038EEA1C8FB90700F54C8E /* KK_Camera.png */; };
		682EB0D31C895D88003AA10C /* KKProfileVideoCell.m in Sources */ = {isa = PBXBuildFile; fileRef = 682EB0D21C895D88003AA10C /* KKProfileVideoCell.m */; };
		682EB0D91C895E04003AA10C /* KKProfileVideoModel.m in Sources */ = {isa = PBXBuildFile; fileRef = 682EB0D81C895E04003AA10C /* KKProfileVideoModel.m */; };
		683607D11C8E6F730075E375 /* music.png in Resources */ = {isa = PBXBuildFile; fileRef = 683607CE1C8E6F730075E375 /* music.png */; };
		683607D21C8E6F730075E375 /* music@1x.png in Resources */ = {isa = PBXBuildFile; fileRef = 683607CF1C8E6F730075E375 /* music@1x.png */; };
		683607D31C8E6F730075E375 /* music@2x.png in Resources */ = {isa = PBXBuildFile; fileRef = 683607D01C8E6F730075E375 /* music@2x.png */; };
		683607D51C8EB09C0075E375 /* imageIcon.png in Resources */ = {isa = PBXBuildFile; fileRef = 683607D41C8EB09C0075E375 /* imageIcon.png */; };
		6887BB221C8ABCFA001C4EE1 /* loginBackGround.jpg in Resources */ = {isa = PBXBuildFile; fileRef = 6887BB211C8ABCFA001C4EE1 /* loginBackGround.jpg */; };
		688B16F71C87DE7A007573F6 /* logBg.jpg in Resources */ = {isa = PBXBuildFile; fileRef = 688B16F61C87DE7A007573F6 /* logBg.jpg */; };
		688B16FA1C8814BF007573F6 /* KKAudioCell.m in Sources */ = {isa = PBXBuildFile; fileRef = 688B16F91C8814BF007573F6 /* KKAudioCell.m */; };
		688B16FD1C881504007573F6 /* KKAudioModel.m in Sources */ = {isa = PBXBuildFile; fileRef = 688B16FC1C881504007573F6 /* KKAudioModel.m */; };
		68E262B61C86D348006E9DB3 /* KKOptionsTableVC.m in Sources */ = {isa = PBXBuildFile; fileRef = 68E262B51C86D348006E9DB3 /* KKOptionsTableVC.m */; };
		68E7A2591C8FC0610082D4B8 /* clearVideoAndAudio.m in Sources */ = {isa = PBXBuildFile; fileRef = 68E7A2581C8FC0610082D4B8 /* clearVideoAndAudio.m */; };
		68E7A25C1C8FC3100082D4B8 /* KK_Camera_normal.png in Resources */ = {isa = PBXBuildFile; fileRef = 68E7A25A1C8FC3100082D4B8 /* KK_Camera_normal.png */; };
		68E7A25D1C8FC3100082D4B8 /* KK_Camera_selected.png in Resources */ = {isa = PBXBuildFile; fileRef = 68E7A25B1C8FC3100082D4B8 /* KK_Camera_selected.png */; };
		68E7A2671C90114C0082D4B8 /* VoiceLibIcon.png in Resources */ = {isa = PBXBuildFile; fileRef = 68E7A2661C90114C0082D4B8 /* VoiceLibIcon.png */; };
		68E7A26B1C914B570082D4B8 /* saveLocaltion.png in Resources */ = {isa = PBXBuildFile; fileRef = 68E7A2681C914B570082D4B8 /* saveLocaltion.png */; };
		68E7A26C1C914B570082D4B8 /* saveLocaltion@1x.png in Resources */ = {isa = PBXBuildFile; fileRef = 68E7A2691C914B570082D4B8 /* saveLocaltion@1x.png */; };
		68E7A26D1C914B570082D4B8 /* saveLocaltion@2x.png in Resources */ = {isa = PBXBuildFile; fileRef = 68E7A26A1C914B570082D4B8 /* saveLocaltion@2x.png */; };
		68E7A27E1C9154F70082D4B8 /* downAudio.png in Resources */ = {isa = PBXBuildFile; fileRef = 68E7A27C1C9154F70082D4B8 /* downAudio.png */; };
		68E7A27F1C9154F70082D4B8 /* undownAudio.png in Resources */ = {isa = PBXBuildFile; fileRef = 68E7A27D1C9154F70082D4B8 /* undownAudio.png */; };
		68E7A2811C91606C0082D4B8 /* 启动界面最终版3.png in Resources */ = {isa = PBXBuildFile; fileRef = 68E7A2801C91606C0082D4B8 /* 启动界面最终版3.png */; };
		D506E5C5A75570164E83C760 /* libPods-KaKa.a in Frameworks */ = {isa = PBXBuildFile; fileRef = 3CF1B133E1C018C1092F575B /* libPods-KaKa.a */; };
		DE1AD0E71C7EE7CA00945AF1 /* KKMainPageViewController.m in Sources */ = {isa = PBXBuildFile; fileRef = DE1AD0E61C7EE7CA00945AF1 /* KKMainPageViewController.m */; };
		DE1AD0EA1C7EE7E600945AF1 /* KKVoiceLibraryViewController.m in Sources */ = {isa = PBXBuildFile; fileRef = DE1AD0E91C7EE7E600945AF1 /* KKVoiceLibraryViewController.m */; };
		DE1AD0F01C7EE80C00945AF1 /* KKFriendsViewController.m in Sources */ = {isa = PBXBuildFile; fileRef = DE1AD0EF1C7EE80C00945AF1 /* KKFriendsViewController.m */; };
		DE1AD0F31C7EE81800945AF1 /* KKProfileViewController.m in Sources */ = {isa = PBXBuildFile; fileRef = DE1AD0F21C7EE81800945AF1 /* KKProfileViewController.m */; };
		DE1AD0F61C7EE8E100945AF1 /* KKMainTabBarViewController.m in Sources */ = {isa = PBXBuildFile; fileRef = DE1AD0F51C7EE8E100945AF1 /* KKMainTabBarViewController.m */; };
		DE2E1AA41C8FFBFB00A11B7D /* MainPage_Height.png in Resources */ = {isa = PBXBuildFile; fileRef = DE2E1AA21C8FFBFB00A11B7D /* MainPage_Height.png */; };
		DE2E1AA51C8FFBFB00A11B7D /* MainPage_Normal.png in Resources */ = {isa = PBXBuildFile; fileRef = DE2E1AA31C8FFBFB00A11B7D /* MainPage_Normal.png */; };
		DE2E1AA91C903DF300A11B7D /* KKFriendTableViewCell.m in Sources */ = {isa = PBXBuildFile; fileRef = DE2E1AA81C903DF300A11B7D /* KKFriendTableViewCell.m */; };
		DE2E1AAC1C903E1200A11B7D /* KKFriendModel.m in Sources */ = {isa = PBXBuildFile; fileRef = DE2E1AAB1C903E1200A11B7D /* KKFriendModel.m */; };
		DE2E1AAF1C906A7400A11B7D /* KKFriendProfileViewController.m in Sources */ = {isa = PBXBuildFile; fileRef = DE2E1AAE1C906A7400A11B7D /* KKFriendProfileViewController.m */; };
		DE2F88191C88767700F4A9C2 /* placeholder.png in Resources */ = {isa = PBXBuildFile; fileRef = DE2F88181C88767700F4A9C2 /* placeholder.png */; };
		DE2F88201C8ACC8A00F4A9C2 /* KKCameraViewController.m in Sources */ = {isa = PBXBuildFile; fileRef = DE2F881F1C8ACC8A00F4A9C2 /* KKCameraViewController.m */; };
		DE2F88251C8ACCB900F4A9C2 /* KKAudioRecordModel.m in Sources */ = {isa = PBXBuildFile; fileRef = DE2F88221C8ACCB900F4A9C2 /* KKAudioRecordModel.m */; };
		DE2F88261C8ACCB900F4A9C2 /* KKVideoRecordModel.m in Sources */ = {isa = PBXBuildFile; fileRef = DE2F88241C8ACCB900F4A9C2 /* KKVideoRecordModel.m */; };
		DE2F882D1C8ACCC900F4A9C2 /* KKCameraView.xib in Resources */ = {isa = PBXBuildFile; fileRef = DE2F88271C8ACCC900F4A9C2 /* KKCameraView.xib */; };
		DE2F882E1C8ACCC900F4A9C2 /* KKSoundLibraryItemView.m in Sources */ = {isa = PBXBuildFile; fileRef = DE2F88291C8ACCC900F4A9C2 /* KKSoundLibraryItemView.m */; };
		DE2F882F1C8ACCC900F4A9C2 /* KKSoundLibraryScrollView.m in Sources */ = {isa = PBXBuildFile; fileRef = DE2F882C1C8ACCC900F4A9C2 /* KKSoundLibraryScrollView.m */; };
		DE2F88371C8AD08100F4A9C2 /* KKSegueToCameraViewController.m in Sources */ = {isa = PBXBuildFile; fileRef = DE2F88351C8AD08100F4A9C2 /* KKSegueToCameraViewController.m */; };
		DE34B0EA1C853CE400CAFD12 /* KKLoginViewController.m in Sources */ = {isa = PBXBuildFile; fileRef = DE34B0E91C853CE400CAFD12 /* KKLoginViewController.m */; };
		DE34B0ED1C853F0700CAFD12 /* KKSignupViewController.m in Sources */ = {isa = PBXBuildFile; fileRef = DE34B0EC1C853F0700CAFD12 /* KKSignupViewController.m */; };
		DE34B0F01C85867100CAFD12 /* KKPlayVideoViewController.m in Sources */ = {isa = PBXBuildFile; fileRef = DE34B0EF1C85867100CAFD12 /* KKPlayVideoViewController.m */; };
		DE34B0F21C8589D700CAFD12 /* hehe.mov in Resources */ = {isa = PBXBuildFile; fileRef = DE34B0F11C8589D700CAFD12 /* hehe.mov */; };
		DE34B0F51C86D99D00CAFD12 /* KKVideoCell.m in Sources */ = {isa = PBXBuildFile; fileRef = DE34B0F41C86D99D00CAFD12 /* KKVideoCell.m */; };
		DE34B0F81C86DA6400CAFD12 /* KKVideoModel.m in Sources */ = {isa = PBXBuildFile; fileRef = DE34B0F71C86DA6400CAFD12 /* KKVideoModel.m */; };
		DE35EC1F1C8D6339009061E0 /* KKUploadVideoViewController.m in Sources */ = {isa = PBXBuildFile; fileRef = DE35EC1E1C8D6339009061E0 /* KKUploadVideoViewController.m */; };
		DE932A921C7DAE7C00651712 /* main.m in Sources */ = {isa = PBXBuildFile; fileRef = DE932A911C7DAE7C00651712 /* main.m */; };
		DE932A951C7DAE7C00651712 /* AppDelegate.m in Sources */ = {isa = PBXBuildFile; fileRef = DE932A941C7DAE7C00651712 /* AppDelegate.m */; };
		DE932A971C7DAE7C00651712 /* Assets.xcassets in Resources */ = {isa = PBXBuildFile; fileRef = DE932A961C7DAE7C00651712 /* Assets.xcassets */; };
		DE932A9A1C7DAE7C00651712 /* LaunchScreen.storyboard in Resources */ = {isa = PBXBuildFile; fileRef = DE932A981C7DAE7C00651712 /* LaunchScreen.storyboard */; };
		DE932AB01C7DC39A00651712 /* UIView+Additions.m in Sources */ = {isa = PBXBuildFile; fileRef = DE932AAF1C7DC39A00651712 /* UIView+Additions.m */; };
		DEA4D1911C87064C005F7059 /* KKNetwork.m in Sources */ = {isa = PBXBuildFile; fileRef = DEA4D1901C87064C005F7059 /* KKNetwork.m */; };
		DEA4D1981C8724B5005F7059 /* NSArray+Log.m in Sources */ = {isa = PBXBuildFile; fileRef = DEA4D1971C8724B5005F7059 /* NSArray+Log.m */; };
		DEAF9F7C1C8F216000341649 /* KKLocalVideoCell.m in Sources */ = {isa = PBXBuildFile; fileRef = DEAF9F7B1C8F216000341649 /* KKLocalVideoCell.m */; };
		DEFBF5AB1C910869009E1C55 /* KKPlayVideoInProfileViewController.m in Sources */ = {isa = PBXBuildFile; fileRef = DEFBF5AA1C910869009E1C55 /* KKPlayVideoInProfileViewController.m */; };
		DEFBF5AE1C91152B009E1C55 /* KKLocalFileManager.m in Sources */ = {isa = PBXBuildFile; fileRef = DEFBF5AD1C91152B009E1C55 /* KKLocalFileManager.m */; };
		DEFBF5B21C91725C009E1C55 /* KKPlayVideoVCBottomView.m in Sources */ = {isa = PBXBuildFile; fileRef = DEFBF5B11C91725C009E1C55 /* KKPlayVideoVCBottomView.m */; };
/* End PBXBuildFile section */

/* Begin PBXFileReference section */
		3CF1B133E1C018C1092F575B /* libPods-KaKa.a */ = {isa = PBXFileReference; explicitFileType = archive.ar; includeInIndex = 0; path = "libPods-KaKa.a"; sourceTree = BUILT_PRODUCTS_DIR; };
		58859CDCD39C028723358FBF /* Pods-KaKa.debug.xcconfig */ = {isa = PBXFileReference; includeInIndex = 1; lastKnownFileType = text.xcconfig; name = "Pods-KaKa.debug.xcconfig"; path = "Pods/Target Support Files/Pods-KaKa/Pods-KaKa.debug.xcconfig"; sourceTree = "<group>"; };
		68038ED61C8FB36000F54C8E /* Friends.png */ = {isa = PBXFileReference; lastKnownFileType = image.png; path = Friends.png; sourceTree = "<group>"; };
		68038ED81C8FB36500F54C8E /* Friends-1.png */ = {isa = PBXFileReference; lastKnownFileType = image.png; path = "Friends-1.png"; sourceTree = "<group>"; };
		68038EDB1C8FB36A00F54C8E /* Profile-1.png */ = {isa = PBXFileReference; lastKnownFileType = image.png; path = "Profile-1.png"; sourceTree = "<group>"; };
		68038EDC1C8FB36A00F54C8E /* Profile.png */ = {isa = PBXFileReference; lastKnownFileType = image.png; path = Profile.png; sourceTree = "<group>"; };
		68038EDD1C8FB36A00F54C8E /* Voice.png */ = {isa = PBXFileReference; lastKnownFileType = image.png; path = Voice.png; sourceTree = "<group>"; };
		68038EE31C8FB37200F54C8E /* Voice-1.png */ = {isa = PBXFileReference; lastKnownFileType = image.png; path = "Voice-1.png"; sourceTree = "<group>"; };
		68038EE81C8FB85100F54C8E /* tabbar_background.png */ = {isa = PBXFileReference; lastKnownFileType = image.png; path = tabbar_background.png; sourceTree = "<group>"; };
		68038EEA1C8FB90700F54C8E /* KK_Camera.png */ = {isa = PBXFileReference; lastKnownFileType = image.png; path = KK_Camera.png; sourceTree = "<group>"; };
		682EB0D11C895D88003AA10C /* KKProfileVideoCell.h */ = {isa = PBXFileReference; fileEncoding = 4; lastKnownFileType = sourcecode.c.h; path = KKProfileVideoCell.h; sourceTree = "<group>"; };
		682EB0D21C895D88003AA10C /* KKProfileVideoCell.m */ = {isa = PBXFileReference; fileEncoding = 4; lastKnownFileType = sourcecode.c.objc; path = KKProfileVideoCell.m; sourceTree = "<group>"; };
		682EB0D71C895E04003AA10C /* KKProfileVideoModel.h */ = {isa = PBXFileReference; fileEncoding = 4; lastKnownFileType = sourcecode.c.h; path = KKProfileVideoModel.h; sourceTree = "<group>"; };
		682EB0D81C895E04003AA10C /* KKProfileVideoModel.m */ = {isa = PBXFileReference; fileEncoding = 4; lastKnownFileType = sourcecode.c.objc; path = KKProfileVideoModel.m; sourceTree = "<group>"; };
		683607CE1C8E6F730075E375 /* music.png */ = {isa = PBXFileReference; lastKnownFileType = image.png; path = music.png; sourceTree = "<group>"; };
		683607CF1C8E6F730075E375 /* music@1x.png */ = {isa = PBXFileReference; lastKnownFileType = image.png; path = "music@1x.png"; sourceTree = "<group>"; };
		683607D01C8E6F730075E375 /* music@2x.png */ = {isa = PBXFileReference; lastKnownFileType = image.png; path = "music@2x.png"; sourceTree = "<group>"; };
		683607D41C8EB09C0075E375 /* imageIcon.png */ = {isa = PBXFileReference; lastKnownFileType = image.png; path = imageIcon.png; sourceTree = "<group>"; };
		6887BB211C8ABCFA001C4EE1 /* loginBackGround.jpg */ = {isa = PBXFileReference; lastKnownFileType = image.jpeg; name = loginBackGround.jpg; path = Assets.xcassets/loginBackGround.imageset/loginBackGround.jpg; sourceTree = "<group>"; };
		688B16F61C87DE7A007573F6 /* logBg.jpg */ = {isa = PBXFileReference; lastKnownFileType = image.jpeg; path = logBg.jpg; sourceTree = "<group>"; };
		688B16F81C8814BF007573F6 /* KKAudioCell.h */ = {isa = PBXFileReference; fileEncoding = 4; lastKnownFileType = sourcecode.c.h; path = KKAudioCell.h; sourceTree = "<group>"; };
		688B16F91C8814BF007573F6 /* KKAudioCell.m */ = {isa = PBXFileReference; fileEncoding = 4; lastKnownFileType = sourcecode.c.objc; path = KKAudioCell.m; sourceTree = "<group>"; };
		688B16FB1C881504007573F6 /* KKAudioModel.h */ = {isa = PBXFileReference; fileEncoding = 4; lastKnownFileType = sourcecode.c.h; path = KKAudioModel.h; sourceTree = "<group>"; };
		688B16FC1C881504007573F6 /* KKAudioModel.m */ = {isa = PBXFileReference; fileEncoding = 4; lastKnownFileType = sourcecode.c.objc; path = KKAudioModel.m; sourceTree = "<group>"; };
		68E262B41C86D348006E9DB3 /* KKOptionsTableVC.h */ = {isa = PBXFileReference; fileEncoding = 4; lastKnownFileType = sourcecode.c.h; path = KKOptionsTableVC.h; sourceTree = "<group>"; };
		68E262B51C86D348006E9DB3 /* KKOptionsTableVC.m */ = {isa = PBXFileReference; fileEncoding = 4; lastKnownFileType = sourcecode.c.objc; path = KKOptionsTableVC.m; sourceTree = "<group>"; };
		68E7A2571C8FC0610082D4B8 /* clearVideoAndAudio.h */ = {isa = PBXFileReference; fileEncoding = 4; lastKnownFileType = sourcecode.c.h; path = clearVideoAndAudio.h; sourceTree = "<group>"; };
		68E7A2581C8FC0610082D4B8 /* clearVideoAndAudio.m */ = {isa = PBXFileReference; fileEncoding = 4; lastKnownFileType = sourcecode.c.objc; path = clearVideoAndAudio.m; sourceTree = "<group>"; };
		68E7A25A1C8FC3100082D4B8 /* KK_Camera_normal.png */ = {isa = PBXFileReference; lastKnownFileType = image.png; path = KK_Camera_normal.png; sourceTree = "<group>"; };
		68E7A25B1C8FC3100082D4B8 /* KK_Camera_selected.png */ = {isa = PBXFileReference; lastKnownFileType = image.png; path = KK_Camera_selected.png; sourceTree = "<group>"; };
		68E7A2661C90114C0082D4B8 /* VoiceLibIcon.png */ = {isa = PBXFileReference; lastKnownFileType = image.png; path = VoiceLibIcon.png; sourceTree = "<group>"; };
		68E7A2681C914B570082D4B8 /* saveLocaltion.png */ = {isa = PBXFileReference; lastKnownFileType = image.png; path = saveLocaltion.png; sourceTree = "<group>"; };
		68E7A2691C914B570082D4B8 /* saveLocaltion@1x.png */ = {isa = PBXFileReference; lastKnownFileType = image.png; path = "saveLocaltion@1x.png"; sourceTree = "<group>"; };
		68E7A26A1C914B570082D4B8 /* saveLocaltion@2x.png */ = {isa = PBXFileReference; lastKnownFileType = image.png; path = "saveLocaltion@2x.png"; sourceTree = "<group>"; };
		68E7A27C1C9154F70082D4B8 /* downAudio.png */ = {isa = PBXFileReference; lastKnownFileType = image.png; path = downAudio.png; sourceTree = "<group>"; };
		68E7A27D1C9154F70082D4B8 /* undownAudio.png */ = {isa = PBXFileReference; lastKnownFileType = image.png; path = undownAudio.png; sourceTree = "<group>"; };
		68E7A2801C91606C0082D4B8 /* 启动界面最终版3.png */ = {isa = PBXFileReference; lastKnownFileType = image.png; path = "启动界面最终版3.png"; sourceTree = "<group>"; };
		7165136B30A2177DB001C348 /* Pods-KaKa.release.xcconfig */ = {isa = PBXFileReference; includeInIndex = 1; lastKnownFileType = text.xcconfig; name = "Pods-KaKa.release.xcconfig"; path = "Pods/Target Support Files/Pods-KaKa/Pods-KaKa.release.xcconfig"; sourceTree = "<group>"; };
		DE1AD0E51C7EE7CA00945AF1 /* KKMainPageViewController.h */ = {isa = PBXFileReference; fileEncoding = 4; lastKnownFileType = sourcecode.c.h; path = KKMainPageViewController.h; sourceTree = "<group>"; };
		DE1AD0E61C7EE7CA00945AF1 /* KKMainPageViewController.m */ = {isa = PBXFileReference; fileEncoding = 4; lastKnownFileType = sourcecode.c.objc; path = KKMainPageViewController.m; sourceTree = "<group>"; };
		DE1AD0E81C7EE7E600945AF1 /* KKVoiceLibraryViewController.h */ = {isa = PBXFileReference; fileEncoding = 4; lastKnownFileType = sourcecode.c.h; path = KKVoiceLibraryViewController.h; sourceTree = "<group>"; };
		DE1AD0E91C7EE7E600945AF1 /* KKVoiceLibraryViewController.m */ = {isa = PBXFileReference; fileEncoding = 4; lastKnownFileType = sourcecode.c.objc; path = KKVoiceLibraryViewController.m; sourceTree = "<group>"; };
		DE1AD0EE1C7EE80C00945AF1 /* KKFriendsViewController.h */ = {isa = PBXFileReference; fileEncoding = 4; lastKnownFileType = sourcecode.c.h; path = KKFriendsViewController.h; sourceTree = "<group>"; };
		DE1AD0EF1C7EE80C00945AF1 /* KKFriendsViewController.m */ = {isa = PBXFileReference; fileEncoding = 4; lastKnownFileType = sourcecode.c.objc; path = KKFriendsViewController.m; sourceTree = "<group>"; };
		DE1AD0F11C7EE81800945AF1 /* KKProfileViewController.h */ = {isa = PBXFileReference; fileEncoding = 4; lastKnownFileType = sourcecode.c.h; path = KKProfileViewController.h; sourceTree = "<group>"; };
		DE1AD0F21C7EE81800945AF1 /* KKProfileViewController.m */ = {isa = PBXFileReference; fileEncoding = 4; lastKnownFileType = sourcecode.c.objc; path = KKProfileViewController.m; sourceTree = "<group>"; };
		DE1AD0F41C7EE8E100945AF1 /* KKMainTabBarViewController.h */ = {isa = PBXFileReference; fileEncoding = 4; lastKnownFileType = sourcecode.c.h; path = KKMainTabBarViewController.h; sourceTree = "<group>"; };
		DE1AD0F51C7EE8E100945AF1 /* KKMainTabBarViewController.m */ = {isa = PBXFileReference; fileEncoding = 4; lastKnownFileType = sourcecode.c.objc; path = KKMainTabBarViewController.m; sourceTree = "<group>"; };
		DE2E1AA21C8FFBFB00A11B7D /* MainPage_Height.png */ = {isa = PBXFileReference; lastKnownFileType = image.png; path = MainPage_Height.png; sourceTree = "<group>"; };
		DE2E1AA31C8FFBFB00A11B7D /* MainPage_Normal.png */ = {isa = PBXFileReference; lastKnownFileType = image.png; path = MainPage_Normal.png; sourceTree = "<group>"; };
		DE2E1AA71C903DF300A11B7D /* KKFriendTableViewCell.h */ = {isa = PBXFileReference; fileEncoding = 4; lastKnownFileType = sourcecode.c.h; path = KKFriendTableViewCell.h; sourceTree = "<group>"; };
		DE2E1AA81C903DF300A11B7D /* KKFriendTableViewCell.m */ = {isa = PBXFileReference; fileEncoding = 4; lastKnownFileType = sourcecode.c.objc; path = KKFriendTableViewCell.m; sourceTree = "<group>"; };
		DE2E1AAA1C903E1200A11B7D /* KKFriendModel.h */ = {isa = PBXFileReference; fileEncoding = 4; lastKnownFileType = sourcecode.c.h; path = KKFriendModel.h; sourceTree = "<group>"; };
		DE2E1AAB1C903E1200A11B7D /* KKFriendModel.m */ = {isa = PBXFileReference; fileEncoding = 4; lastKnownFileType = sourcecode.c.objc; path = KKFriendModel.m; sourceTree = "<group>"; };
		DE2E1AAD1C906A7400A11B7D /* KKFriendProfileViewController.h */ = {isa = PBXFileReference; fileEncoding = 4; lastKnownFileType = sourcecode.c.h; path = KKFriendProfileViewController.h; sourceTree = "<group>"; };
		DE2E1AAE1C906A7400A11B7D /* KKFriendProfileViewController.m */ = {isa = PBXFileReference; fileEncoding = 4; lastKnownFileType = sourcecode.c.objc; path = KKFriendProfileViewController.m; sourceTree = "<group>"; };
		DE2F88181C88767700F4A9C2 /* placeholder.png */ = {isa = PBXFileReference; lastKnownFileType = image.png; path = placeholder.png; sourceTree = "<group>"; };
		DE2F881E1C8ACC8A00F4A9C2 /* KKCameraViewController.h */ = {isa = PBXFileReference; fileEncoding = 4; lastKnownFileType = sourcecode.c.h; path = KKCameraViewController.h; sourceTree = "<group>"; };
		DE2F881F1C8ACC8A00F4A9C2 /* KKCameraViewController.m */ = {isa = PBXFileReference; fileEncoding = 4; lastKnownFileType = sourcecode.c.objc; path = KKCameraViewController.m; sourceTree = "<group>"; };
		DE2F88211C8ACCB900F4A9C2 /* KKAudioRecordModel.h */ = {isa = PBXFileReference; fileEncoding = 4; lastKnownFileType = sourcecode.c.h; path = KKAudioRecordModel.h; sourceTree = "<group>"; };
		DE2F88221C8ACCB900F4A9C2 /* KKAudioRecordModel.m */ = {isa = PBXFileReference; fileEncoding = 4; lastKnownFileType = sourcecode.c.objc; path = KKAudioRecordModel.m; sourceTree = "<group>"; };
		DE2F88231C8ACCB900F4A9C2 /* KKVideoRecordModel.h */ = {isa = PBXFileReference; fileEncoding = 4; lastKnownFileType = sourcecode.c.h; path = KKVideoRecordModel.h; sourceTree = "<group>"; };
		DE2F88241C8ACCB900F4A9C2 /* KKVideoRecordModel.m */ = {isa = PBXFileReference; fileEncoding = 4; lastKnownFileType = sourcecode.c.objc; path = KKVideoRecordModel.m; sourceTree = "<group>"; };
		DE2F88271C8ACCC900F4A9C2 /* KKCameraView.xib */ = {isa = PBXFileReference; fileEncoding = 4; lastKnownFileType = file.xib; path = KKCameraView.xib; sourceTree = "<group>"; };
		DE2F88281C8ACCC900F4A9C2 /* KKSoundLibraryItemView.h */ = {isa = PBXFileReference; fileEncoding = 4; lastKnownFileType = sourcecode.c.h; path = KKSoundLibraryItemView.h; sourceTree = "<group>"; };
		DE2F88291C8ACCC900F4A9C2 /* KKSoundLibraryItemView.m */ = {isa = PBXFileReference; fileEncoding = 4; lastKnownFileType = sourcecode.c.objc; path = KKSoundLibraryItemView.m; sourceTree = "<group>"; };
		DE2F882A1C8ACCC900F4A9C2 /* KKSoundLibraryScrollDelegate.h */ = {isa = PBXFileReference; fileEncoding = 4; lastKnownFileType = sourcecode.c.h; path = KKSoundLibraryScrollDelegate.h; sourceTree = "<group>"; };
		DE2F882B1C8ACCC900F4A9C2 /* KKSoundLibraryScrollView.h */ = {isa = PBXFileReference; fileEncoding = 4; lastKnownFileType = sourcecode.c.h; path = KKSoundLibraryScrollView.h; sourceTree = "<group>"; };
		DE2F882C1C8ACCC900F4A9C2 /* KKSoundLibraryScrollView.m */ = {isa = PBXFileReference; fileEncoding = 4; lastKnownFileType = sourcecode.c.objc; path = KKSoundLibraryScrollView.m; sourceTree = "<group>"; };
		DE2F88351C8AD08100F4A9C2 /* KKSegueToCameraViewController.m */ = {isa = PBXFileReference; fileEncoding = 4; lastKnownFileType = sourcecode.c.objc; path = KKSegueToCameraViewController.m; sourceTree = "<group>"; };
		DE2F88361C8AD08100F4A9C2 /* KKSegueToCameraViewController.h */ = {isa = PBXFileReference; fileEncoding = 4; lastKnownFileType = sourcecode.c.h; path = KKSegueToCameraViewController.h; sourceTree = "<group>"; };
		DE34B0E81C853CE400CAFD12 /* KKLoginViewController.h */ = {isa = PBXFileReference; fileEncoding = 4; lastKnownFileType = sourcecode.c.h; path = KKLoginViewController.h; sourceTree = "<group>"; };
		DE34B0E91C853CE400CAFD12 /* KKLoginViewController.m */ = {isa = PBXFileReference; fileEncoding = 4; lastKnownFileType = sourcecode.c.objc; path = KKLoginViewController.m; sourceTree = "<group>"; };
		DE34B0EB1C853F0700CAFD12 /* KKSignupViewController.h */ = {isa = PBXFileReference; fileEncoding = 4; lastKnownFileType = sourcecode.c.h; path = KKSignupViewController.h; sourceTree = "<group>"; };
		DE34B0EC1C853F0700CAFD12 /* KKSignupViewController.m */ = {isa = PBXFileReference; fileEncoding = 4; lastKnownFileType = sourcecode.c.objc; path = KKSignupViewController.m; sourceTree = "<group>"; };
		DE34B0EE1C85867100CAFD12 /* KKPlayVideoViewController.h */ = {isa = PBXFileReference; fileEncoding = 4; lastKnownFileType = sourcecode.c.h; path = KKPlayVideoViewController.h; sourceTree = "<group>"; };
		DE34B0EF1C85867100CAFD12 /* KKPlayVideoViewController.m */ = {isa = PBXFileReference; fileEncoding = 4; lastKnownFileType = sourcecode.c.objc; path = KKPlayVideoViewController.m; sourceTree = "<group>"; };
		DE34B0F11C8589D700CAFD12 /* hehe.mov */ = {isa = PBXFileReference; lastKnownFileType = video.quicktime; path = hehe.mov; sourceTree = "<group>"; };
		DE34B0F31C86D99D00CAFD12 /* KKVideoCell.h */ = {isa = PBXFileReference; fileEncoding = 4; lastKnownFileType = sourcecode.c.h; path = KKVideoCell.h; sourceTree = "<group>"; };
		DE34B0F41C86D99D00CAFD12 /* KKVideoCell.m */ = {isa = PBXFileReference; fileEncoding = 4; lastKnownFileType = sourcecode.c.objc; path = KKVideoCell.m; sourceTree = "<group>"; };
		DE34B0F61C86DA6400CAFD12 /* KKVideoModel.h */ = {isa = PBXFileReference; fileEncoding = 4; lastKnownFileType = sourcecode.c.h; path = KKVideoModel.h; sourceTree = "<group>"; };
		DE34B0F71C86DA6400CAFD12 /* KKVideoModel.m */ = {isa = PBXFileReference; fileEncoding = 4; lastKnownFileType = sourcecode.c.objc; path = KKVideoModel.m; sourceTree = "<group>"; };
		DE35EC1D1C8D6339009061E0 /* KKUploadVideoViewController.h */ = {isa = PBXFileReference; fileEncoding = 4; lastKnownFileType = sourcecode.c.h; name = KKUploadVideoViewController.h; path = UploadVideo/Controller/KKUploadVideoViewController.h; sourceTree = "<group>"; };
		DE35EC1E1C8D6339009061E0 /* KKUploadVideoViewController.m */ = {isa = PBXFileReference; fileEncoding = 4; lastKnownFileType = sourcecode.c.objc; name = KKUploadVideoViewController.m; path = UploadVideo/Controller/KKUploadVideoViewController.m; sourceTree = "<group>"; };
		DE932A8D1C7DAE7C00651712 /* KaKa.app */ = {isa = PBXFileReference; explicitFileType = wrapper.application; includeInIndex = 0; path = KaKa.app; sourceTree = BUILT_PRODUCTS_DIR; };
		DE932A911C7DAE7C00651712 /* main.m */ = {isa = PBXFileReference; lastKnownFileType = sourcecode.c.objc; path = main.m; sourceTree = "<group>"; };
		DE932A931C7DAE7C00651712 /* AppDelegate.h */ = {isa = PBXFileReference; lastKnownFileType = sourcecode.c.h; path = AppDelegate.h; sourceTree = "<group>"; };
		DE932A941C7DAE7C00651712 /* AppDelegate.m */ = {isa = PBXFileReference; lastKnownFileType = sourcecode.c.objc; path = AppDelegate.m; sourceTree = "<group>"; };
		DE932A961C7DAE7C00651712 /* Assets.xcassets */ = {isa = PBXFileReference; lastKnownFileType = folder.assetcatalog; path = Assets.xcassets; sourceTree = "<group>"; };
		DE932A991C7DAE7C00651712 /* Base */ = {isa = PBXFileReference; lastKnownFileType = file.storyboard; name = Base; path = Base.lproj/LaunchScreen.storyboard; sourceTree = "<group>"; };
		DE932A9B1C7DAE7C00651712 /* Info.plist */ = {isa = PBXFileReference; lastKnownFileType = text.plist.xml; path = Info.plist; sourceTree = "<group>"; };
		DE932AA11C7DAE8F00651712 /* PrefixHeader.pch */ = {isa = PBXFileReference; fileEncoding = 4; lastKnownFileType = sourcecode.c.h; path = PrefixHeader.pch; sourceTree = "<group>"; };
		DE932AAE1C7DC39A00651712 /* UIView+Additions.h */ = {isa = PBXFileReference; fileEncoding = 4; lastKnownFileType = sourcecode.c.h; path = "UIView+Additions.h"; sourceTree = "<group>"; };
		DE932AAF1C7DC39A00651712 /* UIView+Additions.m */ = {isa = PBXFileReference; fileEncoding = 4; lastKnownFileType = sourcecode.c.objc; path = "UIView+Additions.m"; sourceTree = "<group>"; };
		DE932AB11C7DD09400651712 /* Constants.h */ = {isa = PBXFileReference; lastKnownFileType = sourcecode.c.h; path = Constants.h; sourceTree = "<group>"; };
		DEA4D18F1C87064C005F7059 /* KKNetwork.h */ = {isa = PBXFileReference; fileEncoding = 4; lastKnownFileType = sourcecode.c.h; path = KKNetwork.h; sourceTree = "<group>"; };
		DEA4D1901C87064C005F7059 /* KKNetwork.m */ = {isa = PBXFileReference; fileEncoding = 4; lastKnownFileType = sourcecode.c.objc; path = KKNetwork.m; sourceTree = "<group>"; };
		DEA4D1961C8724B5005F7059 /* NSArray+Log.h */ = {isa = PBXFileReference; fileEncoding = 4; lastKnownFileType = sourcecode.c.h; name = "NSArray+Log.h"; path = "Tools/NSArray+Log.h"; sourceTree = "<group>"; };
		DEA4D1971C8724B5005F7059 /* NSArray+Log.m */ = {isa = PBXFileReference; fileEncoding = 4; lastKnownFileType = sourcecode.c.objc; name = "NSArray+Log.m"; path = "Tools/NSArray+Log.m"; sourceTree = "<group>"; };
		DEAF9F7A1C8F216000341649 /* KKLocalVideoCell.h */ = {isa = PBXFileReference; fileEncoding = 4; lastKnownFileType = sourcecode.c.h; name = KKLocalVideoCell.h; path = UploadVideo/View/KKLocalVideoCell.h; sourceTree = "<group>"; };
		DEAF9F7B1C8F216000341649 /* KKLocalVideoCell.m */ = {isa = PBXFileReference; fileEncoding = 4; lastKnownFileType = sourcecode.c.objc; name = KKLocalVideoCell.m; path = UploadVideo/View/KKLocalVideoCell.m; sourceTree = "<group>"; };
		DEFBF5A91C910869009E1C55 /* KKPlayVideoInProfileViewController.h */ = {isa = PBXFileReference; fileEncoding = 4; lastKnownFileType = sourcecode.c.h; path = KKPlayVideoInProfileViewController.h; sourceTree = "<group>"; };
		DEFBF5AA1C910869009E1C55 /* KKPlayVideoInProfileViewController.m */ = {isa = PBXFileReference; fileEncoding = 4; lastKnownFileType = sourcecode.c.objc; path = KKPlayVideoInProfileViewController.m; sourceTree = "<group>"; };
		DEFBF5AC1C91152B009E1C55 /* KKLocalFileManager.h */ = {isa = PBXFileReference; fileEncoding = 4; lastKnownFileType = sourcecode.c.h; path = KKLocalFileManager.h; sourceTree = "<group>"; };
		DEFBF5AD1C91152B009E1C55 /* KKLocalFileManager.m */ = {isa = PBXFileReference; fileEncoding = 4; lastKnownFileType = sourcecode.c.objc; path = KKLocalFileManager.m; sourceTree = "<group>"; };
		DEFBF5B01C91725C009E1C55 /* KKPlayVideoVCBottomView.h */ = {isa = PBXFileReference; fileEncoding = 4; lastKnownFileType = sourcecode.c.h; name = KKPlayVideoVCBottomView.h; path = View/KKPlayVideoVCBottomView.h; sourceTree = "<group>"; };
		DEFBF5B11C91725C009E1C55 /* KKPlayVideoVCBottomView.m */ = {isa = PBXFileReference; fileEncoding = 4; lastKnownFileType = sourcecode.c.objc; name = KKPlayVideoVCBottomView.m; path = View/KKPlayVideoVCBottomView.m; sourceTree = "<group>"; };
/* End PBXFileReference section */

/* Begin PBXFrameworksBuildPhase section */
		DE932A8A1C7DAE7C00651712 /* Frameworks */ = {
			isa = PBXFrameworksBuildPhase;
			buildActionMask = 2147483647;
			files = (
				D506E5C5A75570164E83C760 /* libPods-KaKa.a in Frameworks */,
			);
			runOnlyForDeploymentPostprocessing = 0;
		};
/* End PBXFrameworksBuildPhase section */

/* Begin PBXGroup section */
		70F5A72D468830FB11A44934 /* Pods */ = {
			isa = PBXGroup;
			children = (
				58859CDCD39C028723358FBF /* Pods-KaKa.debug.xcconfig */,
				7165136B30A2177DB001C348 /* Pods-KaKa.release.xcconfig */,
			);
			name = Pods;
			sourceTree = "<group>";
		};
		84F400C58B2A11F646008A3F /* Frameworks */ = {
			isa = PBXGroup;
			children = (
				3CF1B133E1C018C1092F575B /* libPods-KaKa.a */,
			);
			name = Frameworks;
			sourceTree = "<group>";
		};
		DE1AD0D41C7EE79A00945AF1 /* Camera */ = {
			isa = PBXGroup;
			children = (
				DE1AD0D51C7EE79A00945AF1 /* Controller */,
				DE1AD0D61C7EE79A00945AF1 /* Model */,
				DE1AD0D71C7EE79A00945AF1 /* View */,
			);
			path = Camera;
			sourceTree = "<group>";
		};
		DE1AD0D51C7EE79A00945AF1 /* Controller */ = {
			isa = PBXGroup;
			children = (
				DE2F88351C8AD08100F4A9C2 /* KKSegueToCameraViewController.m */,
				DE2F88361C8AD08100F4A9C2 /* KKSegueToCameraViewController.h */,
				DE2F881E1C8ACC8A00F4A9C2 /* KKCameraViewController.h */,
				DE2F881F1C8ACC8A00F4A9C2 /* KKCameraViewController.m */,
			);
			path = Controller;
			sourceTree = "<group>";
		};
		DE1AD0D61C7EE79A00945AF1 /* Model */ = {
			isa = PBXGroup;
			children = (
				DE2F88211C8ACCB900F4A9C2 /* KKAudioRecordModel.h */,
				DE2F88221C8ACCB900F4A9C2 /* KKAudioRecordModel.m */,
				DE2F88231C8ACCB900F4A9C2 /* KKVideoRecordModel.h */,
				DE2F88241C8ACCB900F4A9C2 /* KKVideoRecordModel.m */,
			);
			path = Model;
			sourceTree = "<group>";
		};
		DE1AD0D71C7EE79A00945AF1 /* View */ = {
			isa = PBXGroup;
			children = (
				DE2F88271C8ACCC900F4A9C2 /* KKCameraView.xib */,
				DE2F88281C8ACCC900F4A9C2 /* KKSoundLibraryItemView.h */,
				DE2F88291C8ACCC900F4A9C2 /* KKSoundLibraryItemView.m */,
				DE2F882A1C8ACCC900F4A9C2 /* KKSoundLibraryScrollDelegate.h */,
				DE2F882B1C8ACCC900F4A9C2 /* KKSoundLibraryScrollView.h */,
				DE2F882C1C8ACCC900F4A9C2 /* KKSoundLibraryScrollView.m */,
			);
			path = View;
			sourceTree = "<group>";
		};
		DE1AD0D81C7EE79A00945AF1 /* Friends */ = {
			isa = PBXGroup;
			children = (
				DE1AD0D91C7EE79A00945AF1 /* Controller */,
				DE1AD0DA1C7EE79A00945AF1 /* Model */,
				DE1AD0DB1C7EE79A00945AF1 /* View */,
			);
			path = Friends;
			sourceTree = "<group>";
		};
		DE1AD0D91C7EE79A00945AF1 /* Controller */ = {
			isa = PBXGroup;
			children = (
				DE1AD0EE1C7EE80C00945AF1 /* KKFriendsViewController.h */,
				DE1AD0EF1C7EE80C00945AF1 /* KKFriendsViewController.m */,
				DE2E1AAD1C906A7400A11B7D /* KKFriendProfileViewController.h */,
				DE2E1AAE1C906A7400A11B7D /* KKFriendProfileViewController.m */,
				DEFBF5A91C910869009E1C55 /* KKPlayVideoInProfileViewController.h */,
				DEFBF5AA1C910869009E1C55 /* KKPlayVideoInProfileViewController.m */,
			);
			path = Controller;
			sourceTree = "<group>";
		};
		DE1AD0DA1C7EE79A00945AF1 /* Model */ = {
			isa = PBXGroup;
			children = (
				DE2E1AAA1C903E1200A11B7D /* KKFriendModel.h */,
				DE2E1AAB1C903E1200A11B7D /* KKFriendModel.m */,
			);
			path = Model;
			sourceTree = "<group>";
		};
		DE1AD0DB1C7EE79A00945AF1 /* View */ = {
			isa = PBXGroup;
			children = (
				DE2E1AA71C903DF300A11B7D /* KKFriendTableViewCell.h */,
				DE2E1AA81C903DF300A11B7D /* KKFriendTableViewCell.m */,
			);
			path = View;
			sourceTree = "<group>";
		};
		DE1AD0DC1C7EE79A00945AF1 /* Others */ = {
			isa = PBXGroup;
			children = (
				DEFBF5AF1C917215009E1C55 /* View */,
				DE2F881A1C896FEA00F4A9C2 /* Model */,
				DEFBF5B31C917267009E1C55 /* Controller */,
			);
			path = Others;
			sourceTree = "<group>";
		};
		DE1AD0DD1C7EE79A00945AF1 /* Profile */ = {
			isa = PBXGroup;
			children = (
				DE1AD0DE1C7EE79A00945AF1 /* Controller */,
				DE1AD0DF1C7EE79A00945AF1 /* Model */,
				DE1AD0E01C7EE79A00945AF1 /* View */,
			);
			path = Profile;
			sourceTree = "<group>";
		};
		DE1AD0DE1C7EE79A00945AF1 /* Controller */ = {
			isa = PBXGroup;
			children = (
				DE1AD0F11C7EE81800945AF1 /* KKProfileViewController.h */,
				DE1AD0F21C7EE81800945AF1 /* KKProfileViewController.m */,
				DE34B0E81C853CE400CAFD12 /* KKLoginViewController.h */,
				DE34B0E91C853CE400CAFD12 /* KKLoginViewController.m */,
				DE34B0EB1C853F0700CAFD12 /* KKSignupViewController.h */,
				DE34B0EC1C853F0700CAFD12 /* KKSignupViewController.m */,
				68E262B41C86D348006E9DB3 /* KKOptionsTableVC.h */,
				68E262B51C86D348006E9DB3 /* KKOptionsTableVC.m */,
				68E7A2571C8FC0610082D4B8 /* clearVideoAndAudio.h */,
				68E7A2581C8FC0610082D4B8 /* clearVideoAndAudio.m */,
			);
			path = Controller;
			sourceTree = "<group>";
		};
		DE1AD0DF1C7EE79A00945AF1 /* Model */ = {
			isa = PBXGroup;
			children = (
				682EB0D71C895E04003AA10C /* KKProfileVideoModel.h */,
				682EB0D81C895E04003AA10C /* KKProfileVideoModel.m */,
			);
			path = Model;
			sourceTree = "<group>";
		};
		DE1AD0E01C7EE79A00945AF1 /* View */ = {
			isa = PBXGroup;
			children = (
				682EB0D11C895D88003AA10C /* KKProfileVideoCell.h */,
				682EB0D21C895D88003AA10C /* KKProfileVideoCell.m */,
			);
			path = View;
			sourceTree = "<group>";
		};
		DE1AD0E11C7EE79A00945AF1 /* Setting */ = {
			isa = PBXGroup;
			children = (
				DE1AD0E21C7EE79A00945AF1 /* Controller */,
				DE1AD0E31C7EE79A00945AF1 /* Model */,
				DE1AD0E41C7EE79A00945AF1 /* View */,
			);
			path = Setting;
			sourceTree = "<group>";
		};
		DE1AD0E21C7EE79A00945AF1 /* Controller */ = {
			isa = PBXGroup;
			children = (
			);
			path = Controller;
			sourceTree = "<group>";
		};
		DE1AD0E31C7EE79A00945AF1 /* Model */ = {
			isa = PBXGroup;
			children = (
			);
			path = Model;
			sourceTree = "<group>";
		};
		DE1AD0E41C7EE79A00945AF1 /* View */ = {
			isa = PBXGroup;
			children = (
			);
			path = View;
			sourceTree = "<group>";
		};
		DE2F88171C88765600F4A9C2 /* LocalImages */ = {
			isa = PBXGroup;
			children = (
				68E7A2661C90114C0082D4B8 /* VoiceLibIcon.png */,
				68038EEA1C8FB90700F54C8E /* KK_Camera.png */,
				68E7A25A1C8FC3100082D4B8 /* KK_Camera_normal.png */,
				68E7A25B1C8FC3100082D4B8 /* KK_Camera_selected.png */,
				68038EE81C8FB85100F54C8E /* tabbar_background.png */,
				68038EE31C8FB37200F54C8E /* Voice-1.png */,
				68038EDB1C8FB36A00F54C8E /* Profile-1.png */,
				68038EDC1C8FB36A00F54C8E /* Profile.png */,
				DE2E1AA21C8FFBFB00A11B7D /* MainPage_Height.png */,
				DE2E1AA31C8FFBFB00A11B7D /* MainPage_Normal.png */,
				68038EDD1C8FB36A00F54C8E /* Voice.png */,
				68038ED61C8FB36000F54C8E /* Friends.png */,
				68038ED81C8FB36500F54C8E /* Friends-1.png */,
				683607D41C8EB09C0075E375 /* imageIcon.png */,
				683607CE1C8E6F730075E375 /* music.png */,
				683607CF1C8E6F730075E375 /* music@1x.png */,
				683607D01C8E6F730075E375 /* music@2x.png */,
				68E7A2681C914B570082D4B8 /* saveLocaltion.png */,
				68E7A2691C914B570082D4B8 /* saveLocaltion@1x.png */,
				68E7A26A1C914B570082D4B8 /* saveLocaltion@2x.png */,
				6887BB211C8ABCFA001C4EE1 /* loginBackGround.jpg */,
				DE2F88181C88767700F4A9C2 /* placeholder.png */,
				68E7A27C1C9154F70082D4B8 /* downAudio.png */,
				68E7A27D1C9154F70082D4B8 /* undownAudio.png */,
				68E7A2801C91606C0082D4B8 /* 启动界面最终版3.png */,
			);
			name = LocalImages;
			sourceTree = "<group>";
		};
		DE2F881A1C896FEA00F4A9C2 /* Model */ = {
			isa = PBXGroup;
			children = (
			);
			name = Model;
			sourceTree = "<group>";
		};
		DE35EC1B1C8D62DB009061E0 /* UploadVideo */ = {
			isa = PBXGroup;
			children = (
				DEAF9F791C8F1CB100341649 /* View */,
				DE35EC1C1C8D62EF009061E0 /* Controller */,
			);
			name = UploadVideo;
			sourceTree = "<group>";
		};
		DE35EC1C1C8D62EF009061E0 /* Controller */ = {
			isa = PBXGroup;
			children = (
				DE35EC1D1C8D6339009061E0 /* KKUploadVideoViewController.h */,
				DE35EC1E1C8D6339009061E0 /* KKUploadVideoViewController.m */,
			);
			name = Controller;
			sourceTree = "<group>";
		};
		DE932A841C7DAE7C00651712 = {
			isa = PBXGroup;
			children = (
				DE932A8F1C7DAE7C00651712 /* KaKa */,
				DE932A8E1C7DAE7C00651712 /* Products */,
				70F5A72D468830FB11A44934 /* Pods */,
				84F400C58B2A11F646008A3F /* Frameworks */,
			);
			sourceTree = "<group>";
		};
		DE932A8E1C7DAE7C00651712 /* Products */ = {
			isa = PBXGroup;
			children = (
				DE932A8D1C7DAE7C00651712 /* KaKa.app */,
			);
			name = Products;
			sourceTree = "<group>";
		};
		DE932A8F1C7DAE7C00651712 /* KaKa */ = {
			isa = PBXGroup;
			children = (
				DE932AA21C7DC1FA00651712 /* Classes */,
				DE932A931C7DAE7C00651712 /* AppDelegate.h */,
				DE932A941C7DAE7C00651712 /* AppDelegate.m */,
				DE932A961C7DAE7C00651712 /* Assets.xcassets */,
				DE932A981C7DAE7C00651712 /* LaunchScreen.storyboard */,
				DE932A9B1C7DAE7C00651712 /* Info.plist */,
				DE932A901C7DAE7C00651712 /* Supporting Files */,
			);
			path = KaKa;
			sourceTree = "<group>";
		};
		DE932A901C7DAE7C00651712 /* Supporting Files */ = {
			isa = PBXGroup;
			children = (
				DE2F88171C88765600F4A9C2 /* LocalImages */,
				688B16F61C87DE7A007573F6 /* logBg.jpg */,
				DEA4D1951C87249B005F7059 /* Tools */,
				DE932A911C7DAE7C00651712 /* main.m */,
				DE34B0F11C8589D700CAFD12 /* hehe.mov */,
				DE932AAE1C7DC39A00651712 /* UIView+Additions.h */,
				DE932AAF1C7DC39A00651712 /* UIView+Additions.m */,
				DE932AA11C7DAE8F00651712 /* PrefixHeader.pch */,
				DE932AB11C7DD09400651712 /* Constants.h */,
			);
			name = "Supporting Files";
			sourceTree = "<group>";
		};
		DE932AA21C7DC1FA00651712 /* Classes */ = {
			isa = PBXGroup;
			children = (
				DE35EC1B1C8D62DB009061E0 /* UploadVideo */,
				DE1AD0D41C7EE79A00945AF1 /* Camera */,
				DE1AD0D81C7EE79A00945AF1 /* Friends */,
				DE1AD0DC1C7EE79A00945AF1 /* Others */,
				DE1AD0DD1C7EE79A00945AF1 /* Profile */,
				DE1AD0E11C7EE79A00945AF1 /* Setting */,
				DE932AA31C7DC1FA00651712 /* MainPage */,
				DE932AA71C7DC1FA00651712 /* VoiceLibrary */,
			);
			path = Classes;
			sourceTree = "<group>";
		};
		DE932AA31C7DC1FA00651712 /* MainPage */ = {
			isa = PBXGroup;
			children = (
				DE932AA41C7DC1FA00651712 /* Controller */,
				DE932AA51C7DC1FA00651712 /* Model */,
				DE932AA61C7DC1FA00651712 /* View */,
			);
			path = MainPage;
			sourceTree = "<group>";
		};
		DE932AA41C7DC1FA00651712 /* Controller */ = {
			isa = PBXGroup;
			children = (
				DE1AD0E51C7EE7CA00945AF1 /* KKMainPageViewController.h */,
				DE1AD0E61C7EE7CA00945AF1 /* KKMainPageViewController.m */,
				DE34B0EE1C85867100CAFD12 /* KKPlayVideoViewController.h */,
				DE34B0EF1C85867100CAFD12 /* KKPlayVideoViewController.m */,
			);
			path = Controller;
			sourceTree = "<group>";
		};
		DE932AA51C7DC1FA00651712 /* Model */ = {
			isa = PBXGroup;
			children = (
				DE34B0F61C86DA6400CAFD12 /* KKVideoModel.h */,
				DE34B0F71C86DA6400CAFD12 /* KKVideoModel.m */,
				DEA4D18F1C87064C005F7059 /* KKNetwork.h */,
				DEA4D1901C87064C005F7059 /* KKNetwork.m */,
			);
			path = Model;
			sourceTree = "<group>";
		};
		DE932AA61C7DC1FA00651712 /* View */ = {
			isa = PBXGroup;
			children = (
				DE34B0F31C86D99D00CAFD12 /* KKVideoCell.h */,
				DE34B0F41C86D99D00CAFD12 /* KKVideoCell.m */,
			);
			path = View;
			sourceTree = "<group>";
		};
		DE932AA71C7DC1FA00651712 /* VoiceLibrary */ = {
			isa = PBXGroup;
			children = (
				DE932AA81C7DC1FA00651712 /* Controller */,
				DE932AA91C7DC1FA00651712 /* Model */,
				DE932AAA1C7DC1FA00651712 /* View */,
			);
			path = VoiceLibrary;
			sourceTree = "<group>";
		};
		DE932AA81C7DC1FA00651712 /* Controller */ = {
			isa = PBXGroup;
			children = (
				DE1AD0E81C7EE7E600945AF1 /* KKVoiceLibraryViewController.h */,
				DE1AD0E91C7EE7E600945AF1 /* KKVoiceLibraryViewController.m */,
			);
			path = Controller;
			sourceTree = "<group>";
		};
		DE932AA91C7DC1FA00651712 /* Model */ = {
			isa = PBXGroup;
			children = (
				688B16FB1C881504007573F6 /* KKAudioModel.h */,
				688B16FC1C881504007573F6 /* KKAudioModel.m */,
			);
			path = Model;
			sourceTree = "<group>";
		};
		DE932AAA1C7DC1FA00651712 /* View */ = {
			isa = PBXGroup;
			children = (
				688B16F81C8814BF007573F6 /* KKAudioCell.h */,
				688B16F91C8814BF007573F6 /* KKAudioCell.m */,
			);
			path = View;
			sourceTree = "<group>";
		};
		DEA4D1951C87249B005F7059 /* Tools */ = {
			isa = PBXGroup;
			children = (
				DEA4D1961C8724B5005F7059 /* NSArray+Log.h */,
				DEA4D1971C8724B5005F7059 /* NSArray+Log.m */,
			);
			name = Tools;
			sourceTree = "<group>";
		};
		DEAF9F791C8F1CB100341649 /* View */ = {
			isa = PBXGroup;
			children = (
				DEAF9F7A1C8F216000341649 /* KKLocalVideoCell.h */,
				DEAF9F7B1C8F216000341649 /* KKLocalVideoCell.m */,
			);
			name = View;
			sourceTree = "<group>";
		};
		DEFBF5AF1C917215009E1C55 /* View */ = {
			isa = PBXGroup;
			children = (
				DEFBF5B01C91725C009E1C55 /* KKPlayVideoVCBottomView.h */,
				DEFBF5B11C91725C009E1C55 /* KKPlayVideoVCBottomView.m */,
			);
			name = View;
			sourceTree = "<group>";
		};
		DEFBF5B31C917267009E1C55 /* Controller */ = {
			isa = PBXGroup;
			children = (
				DE1AD0F41C7EE8E100945AF1 /* KKMainTabBarViewController.h */,
				DE1AD0F51C7EE8E100945AF1 /* KKMainTabBarViewController.m */,
				DEFBF5AC1C91152B009E1C55 /* KKLocalFileManager.h */,
				DEFBF5AD1C91152B009E1C55 /* KKLocalFileManager.m */,
			);
			name = Controller;
			sourceTree = "<group>";
		};
/* End PBXGroup section */

/* Begin PBXNativeTarget section */
		DE932A8C1C7DAE7C00651712 /* KaKa */ = {
			isa = PBXNativeTarget;
			buildConfigurationList = DE932A9E1C7DAE7C00651712 /* Build configuration list for PBXNativeTarget "KaKa" */;
			buildPhases = (
				10BF60A5AC1FC9FB9E771C07 /* Check Pods Manifest.lock */,
				DE932A891C7DAE7C00651712 /* Sources */,
				DE932A8A1C7DAE7C00651712 /* Frameworks */,
				DE932A8B1C7DAE7C00651712 /* Resources */,
				577012BF82C15B7F03F21A82 /* Embed Pods Frameworks */,
				BA39C03223D01D564DF7C7FC /* Copy Pods Resources */,
			);
			buildRules = (
			);
			dependencies = (
			);
			name = KaKa;
			productName = KaKa;
			productReference = DE932A8D1C7DAE7C00651712 /* KaKa.app */;
			productType = "com.apple.product-type.application";
		};
/* End PBXNativeTarget section */

/* Begin PBXProject section */
		DE932A851C7DAE7C00651712 /* Project object */ = {
			isa = PBXProject;
			attributes = {
				LastUpgradeCheck = 0720;
				ORGANIZATIONNAME = yxj;
				TargetAttributes = {
					DE932A8C1C7DAE7C00651712 = {
						CreatedOnToolsVersion = 7.2.1;
						DevelopmentTeam = K9F87G4V4A;
					};
				};
			};
			buildConfigurationList = DE932A881C7DAE7C00651712 /* Build configuration list for PBXProject "KaKa" */;
			compatibilityVersion = "Xcode 3.2";
			developmentRegion = English;
			hasScannedForEncodings = 0;
			knownRegions = (
				en,
				Base,
			);
			mainGroup = DE932A841C7DAE7C00651712;
			productRefGroup = DE932A8E1C7DAE7C00651712 /* Products */;
			projectDirPath = "";
			projectRoot = "";
			targets = (
				DE932A8C1C7DAE7C00651712 /* KaKa */,
			);
		};
/* End PBXProject section */

/* Begin PBXResourcesBuildPhase section */
		DE932A8B1C7DAE7C00651712 /* Resources */ = {
			isa = PBXResourcesBuildPhase;
			buildActionMask = 2147483647;
			files = (
				68E7A27E1C9154F70082D4B8 /* downAudio.png in Resources */,
				DE34B0F21C8589D700CAFD12 /* hehe.mov in Resources */,
				68038ED91C8FB36500F54C8E /* Friends-1.png in Resources */,
				68038EE11C8FB36A00F54C8E /* Voice.png in Resources */,
				6887BB221C8ABCFA001C4EE1 /* loginBackGround.jpg in Resources */,
				683607D51C8EB09C0075E375 /* imageIcon.png in Resources */,
				68038EEB1C8FB90700F54C8E /* KK_Camera.png in Resources */,
				68038EE51C8FB37200F54C8E /* Voice-1.png in Resources */,
				68E7A25D1C8FC3100082D4B8 /* KK_Camera_selected.png in Resources */,
				DE2E1AA51C8FFBFB00A11B7D /* MainPage_Normal.png in Resources */,
				68038EE91C8FB85100F54C8E /* tabbar_background.png in Resources */,
				68038EDF1C8FB36A00F54C8E /* Profile-1.png in Resources */,
				683607D11C8E6F730075E375 /* music.png in Resources */,
				68E7A27F1C9154F70082D4B8 /* undownAudio.png in Resources */,
				68E7A26B1C914B570082D4B8 /* saveLocaltion.png in Resources */,
				68038ED71C8FB36000F54C8E /* Friends.png in Resources */,
				DE2F88191C88767700F4A9C2 /* placeholder.png in Resources */,
				DE932A971C7DAE7C00651712 /* Assets.xcassets in Resources */,
				DE932A9A1C7DAE7C00651712 /* LaunchScreen.storyboard in Resources */,
				68E7A2811C91606C0082D4B8 /* 启动界面最终版3.png in Resources */,
				68E7A2671C90114C0082D4B8 /* VoiceLibIcon.png in Resources */,
				DE2F882D1C8ACCC900F4A9C2 /* KKCameraView.xib in Resources */,
				683607D21C8E6F730075E375 /* music@1x.png in Resources */,
				68E7A26D1C914B570082D4B8 /* saveLocaltion@2x.png in Resources */,
				688B16F71C87DE7A007573F6 /* logBg.jpg in Resources */,
				DE2E1AA41C8FFBFB00A11B7D /* MainPage_Height.png in Resources */,
				68E7A25C1C8FC3100082D4B8 /* KK_Camera_normal.png in Resources */,
				68038EE01C8FB36A00F54C8E /* Profile.png in Resources */,
				68E7A26C1C914B570082D4B8 /* saveLocaltion@1x.png in Resources */,
				683607D31C8E6F730075E375 /* music@2x.png in Resources */,
			);
			runOnlyForDeploymentPostprocessing = 0;
		};
/* End PBXResourcesBuildPhase section */

/* Begin PBXShellScriptBuildPhase section */
		10BF60A5AC1FC9FB9E771C07 /* Check Pods Manifest.lock */ = {
			isa = PBXShellScriptBuildPhase;
			buildActionMask = 2147483647;
			files = (
			);
			inputPaths = (
			);
			name = "Check Pods Manifest.lock";
			outputPaths = (
			);
			runOnlyForDeploymentPostprocessing = 0;
			shellPath = /bin/sh;
			shellScript = "diff \"${PODS_ROOT}/../Podfile.lock\" \"${PODS_ROOT}/Manifest.lock\" > /dev/null\nif [[ $? != 0 ]] ; then\n    cat << EOM\nerror: The sandbox is not in sync with the Podfile.lock. Run 'pod install' or update your CocoaPods installation.\nEOM\n    exit 1\nfi\n";
			showEnvVarsInLog = 0;
		};
		577012BF82C15B7F03F21A82 /* Embed Pods Frameworks */ = {
			isa = PBXShellScriptBuildPhase;
			buildActionMask = 2147483647;
			files = (
			);
			inputPaths = (
			);
			name = "Embed Pods Frameworks";
			outputPaths = (
			);
			runOnlyForDeploymentPostprocessing = 0;
			shellPath = /bin/sh;
			shellScript = "\"${SRCROOT}/Pods/Target Support Files/Pods-KaKa/Pods-KaKa-frameworks.sh\"\n";
			showEnvVarsInLog = 0;
		};
		BA39C03223D01D564DF7C7FC /* Copy Pods Resources */ = {
			isa = PBXShellScriptBuildPhase;
			buildActionMask = 2147483647;
			files = (
			);
			inputPaths = (
			);
			name = "Copy Pods Resources";
			outputPaths = (
			);
			runOnlyForDeploymentPostprocessing = 0;
			shellPath = /bin/sh;
			shellScript = "\"${SRCROOT}/Pods/Target Support Files/Pods-KaKa/Pods-KaKa-resources.sh\"\n";
			showEnvVarsInLog = 0;
		};
/* End PBXShellScriptBuildPhase section */

/* Begin PBXSourcesBuildPhase section */
		DE932A891C7DAE7C00651712 /* Sources */ = {
			isa = PBXSourcesBuildPhase;
			buildActionMask = 2147483647;
			files = (
				DE34B0EA1C853CE400CAFD12 /* KKLoginViewController.m in Sources */,
				682EB0D91C895E04003AA10C /* KKProfileVideoModel.m in Sources */,
				DE34B0ED1C853F0700CAFD12 /* KKSignupViewController.m in Sources */,
				DE932AB01C7DC39A00651712 /* UIView+Additions.m in Sources */,
				DE1AD0EA1C7EE7E600945AF1 /* KKVoiceLibraryViewController.m in Sources */,
				DE2F882E1C8ACCC900F4A9C2 /* KKSoundLibraryItemView.m in Sources */,
				DEA4D1981C8724B5005F7059 /* NSArray+Log.m in Sources */,
				DEFBF5AE1C91152B009E1C55 /* KKLocalFileManager.m in Sources */,
				DE2F88251C8ACCB900F4A9C2 /* KKAudioRecordModel.m in Sources */,
				DE35EC1F1C8D6339009061E0 /* KKUploadVideoViewController.m in Sources */,
				DE34B0F51C86D99D00CAFD12 /* KKVideoCell.m in Sources */,
				682EB0D31C895D88003AA10C /* KKProfileVideoCell.m in Sources */,
				DE932A951C7DAE7C00651712 /* AppDelegate.m in Sources */,
				DEFBF5B21C91725C009E1C55 /* KKPlayVideoVCBottomView.m in Sources */,
				DE34B0F81C86DA6400CAFD12 /* KKVideoModel.m in Sources */,
				DE2F882F1C8ACCC900F4A9C2 /* KKSoundLibraryScrollView.m in Sources */,
				DE2F88261C8ACCB900F4A9C2 /* KKVideoRecordModel.m in Sources */,
				DE2E1AA91C903DF300A11B7D /* KKFriendTableViewCell.m in Sources */,
				68E7A2591C8FC0610082D4B8 /* clearVideoAndAudio.m in Sources */,
				DEFBF5AB1C910869009E1C55 /* KKPlayVideoInProfileViewController.m in Sources */,
				DE2F88371C8AD08100F4A9C2 /* KKSegueToCameraViewController.m in Sources */,
				DEA4D1911C87064C005F7059 /* KKNetwork.m in Sources */,
				DE1AD0F01C7EE80C00945AF1 /* KKFriendsViewController.m in Sources */,
				DE1AD0F61C7EE8E100945AF1 /* KKMainTabBarViewController.m in Sources */,
				DE2E1AAC1C903E1200A11B7D /* KKFriendModel.m in Sources */,
				688B16FD1C881504007573F6 /* KKAudioModel.m in Sources */,
				DE34B0F01C85867100CAFD12 /* KKPlayVideoViewController.m in Sources */,
				DE2E1AAF1C906A7400A11B7D /* KKFriendProfileViewController.m in Sources */,
				DEAF9F7C1C8F216000341649 /* KKLocalVideoCell.m in Sources */,
				DE932A921C7DAE7C00651712 /* main.m in Sources */,
				68E262B61C86D348006E9DB3 /* KKOptionsTableVC.m in Sources */,
				DE1AD0E71C7EE7CA00945AF1 /* KKMainPageViewController.m in Sources */,
				688B16FA1C8814BF007573F6 /* KKAudioCell.m in Sources */,
				DE1AD0F31C7EE81800945AF1 /* KKProfileViewController.m in Sources */,
				DE2F88201C8ACC8A00F4A9C2 /* KKCameraViewController.m in Sources */,
			);
			runOnlyForDeploymentPostprocessing = 0;
		};
/* End PBXSourcesBuildPhase section */

/* Begin PBXVariantGroup section */
		DE932A981C7DAE7C00651712 /* LaunchScreen.storyboard */ = {
			isa = PBXVariantGroup;
			children = (
				DE932A991C7DAE7C00651712 /* Base */,
			);
			name = LaunchScreen.storyboard;
			sourceTree = "<group>";
		};
/* End PBXVariantGroup section */

/* Begin XCBuildConfiguration section */
		DE932A9C1C7DAE7C00651712 /* Debug */ = {
			isa = XCBuildConfiguration;
			buildSettings = {
				ALWAYS_SEARCH_USER_PATHS = NO;
				CLANG_CXX_LANGUAGE_STANDARD = "gnu++0x";
				CLANG_CXX_LIBRARY = "libc++";
				CLANG_ENABLE_MODULES = YES;
				CLANG_ENABLE_OBJC_ARC = YES;
				CLANG_WARN_BOOL_CONVERSION = YES;
				CLANG_WARN_CONSTANT_CONVERSION = YES;
				CLANG_WARN_DIRECT_OBJC_ISA_USAGE = YES_ERROR;
				CLANG_WARN_EMPTY_BODY = YES;
				CLANG_WARN_ENUM_CONVERSION = YES;
				CLANG_WARN_INT_CONVERSION = YES;
				CLANG_WARN_OBJC_ROOT_CLASS = YES_ERROR;
				CLANG_WARN_UNREACHABLE_CODE = YES;
				CLANG_WARN__DUPLICATE_METHOD_MATCH = YES;
				"CODE_SIGN_IDENTITY[sdk=iphoneos*]" = "iPhone Developer";
				COPY_PHASE_STRIP = NO;
				DEBUG_INFORMATION_FORMAT = dwarf;
				ENABLE_STRICT_OBJC_MSGSEND = YES;
				ENABLE_TESTABILITY = YES;
				GCC_C_LANGUAGE_STANDARD = gnu99;
				GCC_DYNAMIC_NO_PIC = NO;
				GCC_NO_COMMON_BLOCKS = YES;
				GCC_OPTIMIZATION_LEVEL = 0;
				GCC_PREPROCESSOR_DEFINITIONS = (
					"DEBUG=1",
					"$(inherited)",
				);
				GCC_WARN_64_TO_32_BIT_CONVERSION = YES;
				GCC_WARN_ABOUT_RETURN_TYPE = YES_ERROR;
				GCC_WARN_UNDECLARED_SELECTOR = YES;
				GCC_WARN_UNINITIALIZED_AUTOS = YES_AGGRESSIVE;
				GCC_WARN_UNUSED_FUNCTION = YES;
				GCC_WARN_UNUSED_VARIABLE = YES;
				IPHONEOS_DEPLOYMENT_TARGET = 9.2;
				MTL_ENABLE_DEBUG_INFO = YES;
				ONLY_ACTIVE_ARCH = YES;
				SDKROOT = iphoneos;
			};
			name = Debug;
		};
		DE932A9D1C7DAE7C00651712 /* Release */ = {
			isa = XCBuildConfiguration;
			buildSettings = {
				ALWAYS_SEARCH_USER_PATHS = NO;
				CLANG_CXX_LANGUAGE_STANDARD = "gnu++0x";
				CLANG_CXX_LIBRARY = "libc++";
				CLANG_ENABLE_MODULES = YES;
				CLANG_ENABLE_OBJC_ARC = YES;
				CLANG_WARN_BOOL_CONVERSION = YES;
				CLANG_WARN_CONSTANT_CONVERSION = YES;
				CLANG_WARN_DIRECT_OBJC_ISA_USAGE = YES_ERROR;
				CLANG_WARN_EMPTY_BODY = YES;
				CLANG_WARN_ENUM_CONVERSION = YES;
				CLANG_WARN_INT_CONVERSION = YES;
				CLANG_WARN_OBJC_ROOT_CLASS = YES_ERROR;
				CLANG_WARN_UNREACHABLE_CODE = YES;
				CLANG_WARN__DUPLICATE_METHOD_MATCH = YES;
				"CODE_SIGN_IDENTITY[sdk=iphoneos*]" = "iPhone Developer";
				COPY_PHASE_STRIP = NO;
				DEBUG_INFORMATION_FORMAT = "dwarf-with-dsym";
				ENABLE_NS_ASSERTIONS = NO;
				ENABLE_STRICT_OBJC_MSGSEND = YES;
				GCC_C_LANGUAGE_STANDARD = gnu99;
				GCC_NO_COMMON_BLOCKS = YES;
				GCC_WARN_64_TO_32_BIT_CONVERSION = YES;
				GCC_WARN_ABOUT_RETURN_TYPE = YES_ERROR;
				GCC_WARN_UNDECLARED_SELECTOR = YES;
				GCC_WARN_UNINITIALIZED_AUTOS = YES_AGGRESSIVE;
				GCC_WARN_UNUSED_FUNCTION = YES;
				GCC_WARN_UNUSED_VARIABLE = YES;
				IPHONEOS_DEPLOYMENT_TARGET = 9.2;
				MTL_ENABLE_DEBUG_INFO = NO;
				SDKROOT = iphoneos;
				VALIDATE_PRODUCT = YES;
			};
			name = Release;
		};
		DE932A9F1C7DAE7C00651712 /* Debug */ = {
			isa = XCBuildConfiguration;
			baseConfigurationReference = 58859CDCD39C028723358FBF /* Pods-KaKa.debug.xcconfig */;
			buildSettings = {
				ASSETCATALOG_COMPILER_APPICON_NAME = AppIcon;
				ASSETCATALOG_COMPILER_LAUNCHIMAGE_NAME = "Brand Assets";
				CODE_SIGN_IDENTITY = "iPhone Developer";
				"CODE_SIGN_IDENTITY[sdk=iphoneos*]" = "iPhone Developer";
				GCC_PRECOMPILE_PREFIX_HEADER = YES;
				GCC_PREFIX_HEADER = "$(PRODUCT_NAME)/PrefixHeader.pch";
				INFOPLIST_FILE = KaKa/Info.plist;
				LD_RUNPATH_SEARCH_PATHS = "$(inherited) @executable_path/Frameworks";
				PRODUCT_BUNDLE_IDENTIFIER = com.yxjxx;
				PRODUCT_NAME = "$(TARGET_NAME)";
				PROVISIONING_PROFILE = "";
			};
			name = Debug;
		};
		DE932AA01C7DAE7C00651712 /* Release */ = {
			isa = XCBuildConfiguration;
			baseConfigurationReference = 7165136B30A2177DB001C348 /* Pods-KaKa.release.xcconfig */;
			buildSettings = {
				ASSETCATALOG_COMPILER_APPICON_NAME = AppIcon;
				ASSETCATALOG_COMPILER_LAUNCHIMAGE_NAME = "Brand Assets";
				CODE_SIGN_IDENTITY = "iPhone Developer";
				"CODE_SIGN_IDENTITY[sdk=iphoneos*]" = "iPhone Developer";
				GCC_PRECOMPILE_PREFIX_HEADER = YES;
				GCC_PREFIX_HEADER = "$(PRODUCT_NAME)/PrefixHeader.pch";
				INFOPLIST_FILE = KaKa/Info.plist;
				LD_RUNPATH_SEARCH_PATHS = "$(inherited) @executable_path/Frameworks";
				PRODUCT_BUNDLE_IDENTIFIER = com.yxjxx;
				PRODUCT_NAME = "$(TARGET_NAME)";
				PROVISIONING_PROFILE = "";
			};
			name = Release;
		};
/* End XCBuildConfiguration section */

/* Begin XCConfigurationList section */
		DE932A881C7DAE7C00651712 /* Build configuration list for PBXProject "KaKa" */ = {
			isa = XCConfigurationList;
			buildConfigurations = (
				DE932A9C1C7DAE7C00651712 /* Debug */,
				DE932A9D1C7DAE7C00651712 /* Release */,
			);
			defaultConfigurationIsVisible = 0;
			defaultConfigurationName = Release;
		};
		DE932A9E1C7DAE7C00651712 /* Build configuration list for PBXNativeTarget "KaKa" */ = {
			isa = XCConfigurationList;
			buildConfigurations = (
				DE932A9F1C7DAE7C00651712 /* Debug */,
				DE932AA01C7DAE7C00651712 /* Release */,
			);
			defaultConfigurationIsVisible = 0;
			defaultConfigurationName = Release;
		};
/* End XCConfigurationList section */
	};
	rootObject = DE932A851C7DAE7C00651712 /* Project object */;
}
